
Microsoft Visual Studio Solution File, Format Version 12.00
# Visual Studio 14
VisualStudioVersion = 14.0.24720.0
MinimumVisualStudioVersion = 10.0.40219.1
Project("{FAE04EC0-301F-11D3-BF4B-00C04F79EFBC}") = "Website", "Website.csproj", "{70542611-F8F3-4D55-A491-0E23AE0A10AF}"
EndProject
Project("{FAE04EC0-301F-11D3-BF4B-00C04F79EFBC}") = "Sitecore.Sharedsource.AzureCDNManager", "..\Sitecore.Sharedsource.AzureCDNManager\Sitecore.Sharedsource.AzureCDNManager.csproj", "{6DF5D400-6438-435C-9497-618C07AFEBBD}"
EndProject
Project("{CAA73BB0-EF22-4D79-A57E-DF67B3BA9C80}") = "Sitecore.Sharedsource.AzureCDNManager.TDS", "..\Sitecore.Sharedsource.AzureCDNManager.TDS\Sitecore.Sharedsource.AzureCDNManager.TDS.scproj", "{0C37C75D-718C-42AB-A69F-9BCE68BA179E}"
EndProject
Global
	GlobalSection(SolutionConfigurationPlatforms) = preSolution
		Debug|Any CPU = Debug|Any CPU
		Release|Any CPU = Release|Any CPU
	EndGlobalSection
	GlobalSection(ProjectConfigurationPlatforms) = postSolution
		{70542611-F8F3-4D55-A491-0E23AE0A10AF}.Debug|Any CPU.ActiveCfg = Debug|Any CPU
		{70542611-F8F3-4D55-A491-0E23AE0A10AF}.Debug|Any CPU.Build.0 = Debug|Any CPU
		{70542611-F8F3-4D55-A491-0E23AE0A10AF}.Release|Any CPU.ActiveCfg = Release|Any CPU
		{70542611-F8F3-4D55-A491-0E23AE0A10AF}.Release|Any CPU.Build.0 = Release|Any CPU
		{6DF5D400-6438-435C-9497-618C07AFEBBD}.Debug|Any CPU.ActiveCfg = Debug|Any CPU
		{6DF5D400-6438-435C-9497-618C07AFEBBD}.Debug|Any CPU.Build.0 = Debug|Any CPU
		{6DF5D400-6438-435C-9497-618C07AFEBBD}.Release|Any CPU.ActiveCfg = Release|Any CPU
		{6DF5D400-6438-435C-9497-618C07AFEBBD}.Release|Any CPU.Build.0 = Release|Any CPU
		{0C37C75D-718C-42AB-A69F-9BCE68BA179E}.Debug|Any CPU.ActiveCfg = Debug|Any CPU
		{0C37C75D-718C-42AB-A69F-9BCE68BA179E}.Debug|Any CPU.Build.0 = Debug|Any CPU
		{0C37C75D-718C-42AB-A69F-9BCE68BA179E}.Debug|Any CPU.Deploy.0 = Debug|Any CPU
		{0C37C75D-718C-42AB-A69F-9BCE68BA179E}.Release|Any CPU.ActiveCfg = Release|Any CPU
		{0C37C75D-718C-42AB-A69F-9BCE68BA179E}.Release|Any CPU.Build.0 = Release|Any CPU
		{0C37C75D-718C-42AB-A69F-9BCE68BA179E}.Release|Any CPU.Deploy.0 = Release|Any CPU
	EndGlobalSection
	GlobalSection(SolutionProperties) = preSolution
		HideSolutionNode = FALSE
	EndGlobalSection
EndGlobal
